// !$*UTF8*$!
{
	archiveVersion = 1;
	classes = {
	};
	objectVersion = 50;
	objects = {

/* Begin PBXBuildFile section */
		825326DB949CD2A821C91EB1 /* Pods_BSD_Gradebook_iOS.framework in Frameworks */ = {isa = PBXBuildFile; fileRef = C7DE4731C2EED96ED7365149 /* Pods_BSD_Gradebook_iOS.framework */; };
		A905F0D9B66CAE6C4ADF6BEF /* Pods_BSD_Gradebook_iOSTests.framework in Frameworks */ = {isa = PBXBuildFile; fileRef = E5996259B555A2DFA3F397B5 /* Pods_BSD_Gradebook_iOSTests.framework */; };
		CCE66A7621FFFB1C00BC783E /* AppDelegate.swift in Sources */ = {isa = PBXBuildFile; fileRef = CCE66A7521FFFB1C00BC783E /* AppDelegate.swift */; };
		CCE66A7821FFFB1C00BC783E /* FirstViewController.swift in Sources */ = {isa = PBXBuildFile; fileRef = CCE66A7721FFFB1C00BC783E /* FirstViewController.swift */; };
		CCE66A7A21FFFB1C00BC783E /* SecondViewController.swift in Sources */ = {isa = PBXBuildFile; fileRef = CCE66A7921FFFB1C00BC783E /* SecondViewController.swift */; };
		CCE66A7D21FFFB1C00BC783E /* Main.storyboard in Resources */ = {isa = PBXBuildFile; fileRef = CCE66A7B21FFFB1C00BC783E /* Main.storyboard */; };
		CCE66A7F21FFFB1E00BC783E /* Assets.xcassets in Resources */ = {isa = PBXBuildFile; fileRef = CCE66A7E21FFFB1E00BC783E /* Assets.xcassets */; };
		CCE66A8221FFFB1E00BC783E /* LaunchScreen.storyboard in Resources */ = {isa = PBXBuildFile; fileRef = CCE66A8021FFFB1E00BC783E /* LaunchScreen.storyboard */; };
		CCE66A8D21FFFB1E00BC783E /* BSD_Gradebook_iOSTests.swift in Sources */ = {isa = PBXBuildFile; fileRef = CCE66A8C21FFFB1E00BC783E /* BSD_Gradebook_iOSTests.swift */; };
/* End PBXBuildFile section */

/* Begin PBXContainerItemProxy section */
		CCE66A8921FFFB1E00BC783E /* PBXContainerItemProxy */ = {
			isa = PBXContainerItemProxy;
			containerPortal = CCE66A6A21FFFB1C00BC783E /* Project object */;
			proxyType = 1;
			remoteGlobalIDString = CCE66A7121FFFB1C00BC783E;
			remoteInfo = "BSD Gradebook iOS";
		};
		CCE66AC021FFFC3600BC783E /* PBXContainerItemProxy */ = {
			isa = PBXContainerItemProxy;
			containerPortal = CCE66ABB21FFFC3400BC783E /* EDUPointServices.xcodeproj */;
			proxyType = 2;
			remoteGlobalIDString = CCE66AA121FFFC3400BC783E;
			remoteInfo = EDUPointServices;
		};
		CCE66AC221FFFC3600BC783E /* PBXContainerItemProxy */ = {
			isa = PBXContainerItemProxy;
			containerPortal = CCE66ABB21FFFC3400BC783E /* EDUPointServices.xcodeproj */;
			proxyType = 2;
			remoteGlobalIDString = CCE66AAA21FFFC3400BC783E;
			remoteInfo = EDUPointServicesTests;
		};
/* End PBXContainerItemProxy section */

/* Begin PBXFileReference section */
		12ADDFEE02476545D6771D7B /* Pods-BSD Gradebook iOSTests.release.xcconfig */ = {isa = PBXFileReference; includeInIndex = 1; lastKnownFileType = text.xcconfig; name = "Pods-BSD Gradebook iOSTests.release.xcconfig"; path = "Pods/Target Support Files/Pods-BSD Gradebook iOSTests/Pods-BSD Gradebook iOSTests.release.xcconfig"; sourceTree = "<group>"; };
		4AFC55A8F05CD02ED137E06D /* Pods-BSD Gradebook iOS.release.xcconfig */ = {isa = PBXFileReference; includeInIndex = 1; lastKnownFileType = text.xcconfig; name = "Pods-BSD Gradebook iOS.release.xcconfig"; path = "Pods/Target Support Files/Pods-BSD Gradebook iOS/Pods-BSD Gradebook iOS.release.xcconfig"; sourceTree = "<group>"; };
		56CB233484359D9AE7DF698A /* Pods-BSD Gradebook iOS.debug.xcconfig */ = {isa = PBXFileReference; includeInIndex = 1; lastKnownFileType = text.xcconfig; name = "Pods-BSD Gradebook iOS.debug.xcconfig"; path = "Pods/Target Support Files/Pods-BSD Gradebook iOS/Pods-BSD Gradebook iOS.debug.xcconfig"; sourceTree = "<group>"; };
		60E1DA15E8848691DD104537 /* Pods-BSD Gradebook iOSTests.debug.xcconfig */ = {isa = PBXFileReference; includeInIndex = 1; lastKnownFileType = text.xcconfig; name = "Pods-BSD Gradebook iOSTests.debug.xcconfig"; path = "Pods/Target Support Files/Pods-BSD Gradebook iOSTests/Pods-BSD Gradebook iOSTests.debug.xcconfig"; sourceTree = "<group>"; };
		C7DE4731C2EED96ED7365149 /* Pods_BSD_Gradebook_iOS.framework */ = {isa = PBXFileReference; explicitFileType = wrapper.framework; includeInIndex = 0; path = Pods_BSD_Gradebook_iOS.framework; sourceTree = BUILT_PRODUCTS_DIR; };
		CC39F3CF2203B97F00A9E8B2 /* BSD Gradebook iOS.entitlements */ = {isa = PBXFileReference; lastKnownFileType = text.plist.entitlements; path = "BSD Gradebook iOS.entitlements"; sourceTree = "<group>"; };
		CCE66A7221FFFB1C00BC783E /* BSD Gradebook iOS.app */ = {isa = PBXFileReference; explicitFileType = wrapper.application; includeInIndex = 0; path = "BSD Gradebook iOS.app"; sourceTree = BUILT_PRODUCTS_DIR; };
		CCE66A7521FFFB1C00BC783E /* AppDelegate.swift */ = {isa = PBXFileReference; lastKnownFileType = sourcecode.swift; path = AppDelegate.swift; sourceTree = "<group>"; };
		CCE66A7721FFFB1C00BC783E /* FirstViewController.swift */ = {isa = PBXFileReference; lastKnownFileType = sourcecode.swift; path = FirstViewController.swift; sourceTree = "<group>"; };
		CCE66A7921FFFB1C00BC783E /* SecondViewController.swift */ = {isa = PBXFileReference; lastKnownFileType = sourcecode.swift; path = SecondViewController.swift; sourceTree = "<group>"; };
		CCE66A7C21FFFB1C00BC783E /* Base */ = {isa = PBXFileReference; lastKnownFileType = file.storyboard; name = Base; path = Base.lproj/Main.storyboard; sourceTree = "<group>"; };
		CCE66A7E21FFFB1E00BC783E /* Assets.xcassets */ = {isa = PBXFileReference; lastKnownFileType = folder.assetcatalog; path = Assets.xcassets; sourceTree = "<group>"; };
		CCE66A8121FFFB1E00BC783E /* Base */ = {isa = PBXFileReference; lastKnownFileType = file.storyboard; name = Base; path = Base.lproj/LaunchScreen.storyboard; sourceTree = "<group>"; };
		CCE66A8321FFFB1E00BC783E /* Info.plist */ = {isa = PBXFileReference; lastKnownFileType = text.plist.xml; path = Info.plist; sourceTree = "<group>"; };
		CCE66A8821FFFB1E00BC783E /* BSD Gradebook iOSTests.xctest */ = {isa = PBXFileReference; explicitFileType = wrapper.cfbundle; includeInIndex = 0; path = "BSD Gradebook iOSTests.xctest"; sourceTree = BUILT_PRODUCTS_DIR; };
		CCE66A8C21FFFB1E00BC783E /* BSD_Gradebook_iOSTests.swift */ = {isa = PBXFileReference; lastKnownFileType = sourcecode.swift; path = BSD_Gradebook_iOSTests.swift; sourceTree = "<group>"; };
		CCE66A8E21FFFB1E00BC783E /* Info.plist */ = {isa = PBXFileReference; lastKnownFileType = text.plist.xml; path = Info.plist; sourceTree = "<group>"; };
		CCE66ABB21FFFC3400BC783E /* EDUPointServices.xcodeproj */ = {isa = PBXFileReference; lastKnownFileType = "wrapper.pb-project"; name = EDUPointServices.xcodeproj; path = EDUPointServices/EDUPointServices.xcodeproj; sourceTree = "<group>"; };
		E5996259B555A2DFA3F397B5 /* Pods_BSD_Gradebook_iOSTests.framework */ = {isa = PBXFileReference; explicitFileType = wrapper.framework; includeInIndex = 0; path = Pods_BSD_Gradebook_iOSTests.framework; sourceTree = BUILT_PRODUCTS_DIR; };
/* End PBXFileReference section */

/* Begin PBXFrameworksBuildPhase section */
		CCE66A6F21FFFB1C00BC783E /* Frameworks */ = {
			isa = PBXFrameworksBuildPhase;
			buildActionMask = 2147483647;
			files = (
				825326DB949CD2A821C91EB1 /* Pods_BSD_Gradebook_iOS.framework in Frameworks */,
			);
			runOnlyForDeploymentPostprocessing = 0;
		};
		CCE66A8521FFFB1E00BC783E /* Frameworks */ = {
			isa = PBXFrameworksBuildPhase;
			buildActionMask = 2147483647;
			files = (
				A905F0D9B66CAE6C4ADF6BEF /* Pods_BSD_Gradebook_iOSTests.framework in Frameworks */,
			);
			runOnlyForDeploymentPostprocessing = 0;
		};
/* End PBXFrameworksBuildPhase section */

/* Begin PBXGroup section */
		0171AF591D8B95D0B6B3E584 /* Pods */ = {
			isa = PBXGroup;
			children = (
				56CB233484359D9AE7DF698A /* Pods-BSD Gradebook iOS.debug.xcconfig */,
				4AFC55A8F05CD02ED137E06D /* Pods-BSD Gradebook iOS.release.xcconfig */,
				60E1DA15E8848691DD104537 /* Pods-BSD Gradebook iOSTests.debug.xcconfig */,
				12ADDFEE02476545D6771D7B /* Pods-BSD Gradebook iOSTests.release.xcconfig */,
			);
			name = Pods;
			sourceTree = "<group>";
		};
		A2F20D68531A334F6142AA1E /* Frameworks */ = {
			isa = PBXGroup;
			children = (
				C7DE4731C2EED96ED7365149 /* Pods_BSD_Gradebook_iOS.framework */,
				E5996259B555A2DFA3F397B5 /* Pods_BSD_Gradebook_iOSTests.framework */,
			);
			name = Frameworks;
			sourceTree = "<group>";
		};
		CCE66A6921FFFB1C00BC783E = {
			isa = PBXGroup;
			children = (
				CCE66ABB21FFFC3400BC783E /* EDUPointServices.xcodeproj */,
				CCE66A7421FFFB1C00BC783E /* BSD Gradebook iOS */,
				CCE66A8B21FFFB1E00BC783E /* BSD Gradebook iOSTests */,
				CCE66A7321FFFB1C00BC783E /* Products */,
				0171AF591D8B95D0B6B3E584 /* Pods */,
				A2F20D68531A334F6142AA1E /* Frameworks */,
			);
			sourceTree = "<group>";
		};
		CCE66A7321FFFB1C00BC783E /* Products */ = {
			isa = PBXGroup;
			children = (
				CCE66A7221FFFB1C00BC783E /* BSD Gradebook iOS.app */,
				CCE66A8821FFFB1E00BC783E /* BSD Gradebook iOSTests.xctest */,
			);
			name = Products;
			sourceTree = "<group>";
		};
		CCE66A7421FFFB1C00BC783E /* BSD Gradebook iOS */ = {
			isa = PBXGroup;
			children = (
				CC39F3CF2203B97F00A9E8B2 /* BSD Gradebook iOS.entitlements */,
				CCE66A7521FFFB1C00BC783E /* AppDelegate.swift */,
				CCE66A7721FFFB1C00BC783E /* FirstViewController.swift */,
				CCE66A7921FFFB1C00BC783E /* SecondViewController.swift */,
				CCE66A7B21FFFB1C00BC783E /* Main.storyboard */,
				CCE66A7E21FFFB1E00BC783E /* Assets.xcassets */,
				CCE66A8021FFFB1E00BC783E /* LaunchScreen.storyboard */,
				CCE66A8321FFFB1E00BC783E /* Info.plist */,
			);
			path = "BSD Gradebook iOS";
			sourceTree = "<group>";
		};
		CCE66A8B21FFFB1E00BC783E /* BSD Gradebook iOSTests */ = {
			isa = PBXGroup;
			children = (
				CCE66A8C21FFFB1E00BC783E /* BSD_Gradebook_iOSTests.swift */,
				CCE66A8E21FFFB1E00BC783E /* Info.plist */,
			);
			path = "BSD Gradebook iOSTests";
			sourceTree = "<group>";
		};
		CCE66ABC21FFFC3400BC783E /* Products */ = {
			isa = PBXGroup;
			children = (
				CCE66AC121FFFC3600BC783E /* EDUPointServices.framework */,
				CCE66AC321FFFC3600BC783E /* EDUPointServicesTests.xctest */,
			);
			name = Products;
			sourceTree = "<group>";
		};
/* End PBXGroup section */

/* Begin PBXNativeTarget section */
		CCE66A7121FFFB1C00BC783E /* BSD Gradebook iOS */ = {
			isa = PBXNativeTarget;
			buildConfigurationList = CCE66A9121FFFB1E00BC783E /* Build configuration list for PBXNativeTarget "BSD Gradebook iOS" */;
			buildPhases = (
				303413CC923AE2FBCE3D9BE8 /* [CP] Check Pods Manifest.lock */,
				CCE66A6E21FFFB1C00BC783E /* Sources */,
				CCE66A6F21FFFB1C00BC783E /* Frameworks */,
				CCE66A7021FFFB1C00BC783E /* Resources */,
			);
			buildRules = (
			);
			dependencies = (
			);
			name = "BSD Gradebook iOS";
			productName = "BSD Gradebook iOS";
			productReference = CCE66A7221FFFB1C00BC783E /* BSD Gradebook iOS.app */;
			productType = "com.apple.product-type.application";
		};
		CCE66A8721FFFB1E00BC783E /* BSD Gradebook iOSTests */ = {
			isa = PBXNativeTarget;
			buildConfigurationList = CCE66A9421FFFB1E00BC783E /* Build configuration list for PBXNativeTarget "BSD Gradebook iOSTests" */;
			buildPhases = (
				9786A16DD7CBCAEB1FC4BD9C /* [CP] Check Pods Manifest.lock */,
				CCE66A8421FFFB1E00BC783E /* Sources */,
				CCE66A8521FFFB1E00BC783E /* Frameworks */,
				CCE66A8621FFFB1E00BC783E /* Resources */,
			);
			buildRules = (
			);
			dependencies = (
				CCE66A8A21FFFB1E00BC783E /* PBXTargetDependency */,
			);
			name = "BSD Gradebook iOSTests";
			productName = "BSD Gradebook iOSTests";
			productReference = CCE66A8821FFFB1E00BC783E /* BSD Gradebook iOSTests.xctest */;
			productType = "com.apple.product-type.bundle.unit-test";
		};
/* End PBXNativeTarget section */

/* Begin PBXProject section */
		CCE66A6A21FFFB1C00BC783E /* Project object */ = {
			isa = PBXProject;
			attributes = {
				LastSwiftUpdateCheck = 1010;
				LastUpgradeCheck = 1010;
				ORGANIZATIONNAME = Aeta;
				TargetAttributes = {
					CCE66A7121FFFB1C00BC783E = {
						CreatedOnToolsVersion = 10.1;
						SystemCapabilities = {
							com.apple.ApplicationGroups.iOS = {
								enabled = 1;
							};
						};
					};
					CCE66A8721FFFB1E00BC783E = {
						CreatedOnToolsVersion = 10.1;
						TestTargetID = CCE66A7121FFFB1C00BC783E;
					};
				};
			};
			buildConfigurationList = CCE66A6D21FFFB1C00BC783E /* Build configuration list for PBXProject "BSD Gradebook iOS" */;
			compatibilityVersion = "Xcode 9.3";
			developmentRegion = en;
			hasScannedForEncodings = 0;
			knownRegions = (
				en,
				Base,
			);
			mainGroup = CCE66A6921FFFB1C00BC783E;
			productRefGroup = CCE66A7321FFFB1C00BC783E /* Products */;
			projectDirPath = "";
			projectReferences = (
				{
					ProductGroup = CCE66ABC21FFFC3400BC783E /* Products */;
					ProjectRef = CCE66ABB21FFFC3400BC783E /* EDUPointServices.xcodeproj */;
				},
			);
			projectRoot = "";
			targets = (
				CCE66A7121FFFB1C00BC783E /* BSD Gradebook iOS */,
				CCE66A8721FFFB1E00BC783E /* BSD Gradebook iOSTests */,
			);
		};
/* End PBXProject section */

/* Begin PBXReferenceProxy section */
		CCE66AC121FFFC3600BC783E /* EDUPointServices.framework */ = {
			isa = PBXReferenceProxy;
			fileType = wrapper.framework;
			path = EDUPointServices.framework;
			remoteRef = CCE66AC021FFFC3600BC783E /* PBXContainerItemProxy */;
			sourceTree = BUILT_PRODUCTS_DIR;
		};
		CCE66AC321FFFC3600BC783E /* EDUPointServicesTests.xctest */ = {
			isa = PBXReferenceProxy;
			fileType = wrapper.cfbundle;
			path = EDUPointServicesTests.xctest;
			remoteRef = CCE66AC221FFFC3600BC783E /* PBXContainerItemProxy */;
			sourceTree = BUILT_PRODUCTS_DIR;
		};
/* End PBXReferenceProxy section */

/* Begin PBXResourcesBuildPhase section */
		CCE66A7021FFFB1C00BC783E /* Resources */ = {
			isa = PBXResourcesBuildPhase;
			buildActionMask = 2147483647;
			files = (
				CCE66A8221FFFB1E00BC783E /* LaunchScreen.storyboard in Resources */,
				CCE66A7F21FFFB1E00BC783E /* Assets.xcassets in Resources */,
				CCE66A7D21FFFB1C00BC783E /* Main.storyboard in Resources */,
			);
			runOnlyForDeploymentPostprocessing = 0;
		};
		CCE66A8621FFFB1E00BC783E /* Resources */ = {
			isa = PBXResourcesBuildPhase;
			buildActionMask = 2147483647;
			files = (
			);
			runOnlyForDeploymentPostprocessing = 0;
		};
/* End PBXResourcesBuildPhase section */

/* Begin PBXShellScriptBuildPhase section */
		303413CC923AE2FBCE3D9BE8 /* [CP] Check Pods Manifest.lock */ = {
			isa = PBXShellScriptBuildPhase;
			buildActionMask = 2147483647;
			files = (
			);
			inputFileListPaths = (
			);
			inputPaths = (
				"${PODS_PODFILE_DIR_PATH}/Podfile.lock",
				"${PODS_ROOT}/Manifest.lock",
			);
			name = "[CP] Check Pods Manifest.lock";
			outputFileListPaths = (
			);
			outputPaths = (
				"$(DERIVED_FILE_DIR)/Pods-BSD Gradebook iOS-checkManifestLockResult.txt",
			);
			runOnlyForDeploymentPostprocessing = 0;
			shellPath = /bin/sh;
			shellScript = "diff \"${PODS_PODFILE_DIR_PATH}/Podfile.lock\" \"${PODS_ROOT}/Manifest.lock\" > /dev/null\nif [ $? != 0 ] ; then\n    # print error to STDERR\n    echo \"error: The sandbox is not in sync with the Podfile.lock. Run 'pod install' or update your CocoaPods installation.\" >&2\n    exit 1\nfi\n# This output is used by Xcode 'outputs' to avoid re-running this script phase.\necho \"SUCCESS\" > \"${SCRIPT_OUTPUT_FILE_0}\"\n";
			showEnvVarsInLog = 0;
		};
		9786A16DD7CBCAEB1FC4BD9C /* [CP] Check Pods Manifest.lock */ = {
			isa = PBXShellScriptBuildPhase;
			buildActionMask = 2147483647;
			files = (
			);
			inputFileListPaths = (
			);
			inputPaths = (
				"${PODS_PODFILE_DIR_PATH}/Podfile.lock",
				"${PODS_ROOT}/Manifest.lock",
			);
			name = "[CP] Check Pods Manifest.lock";
			outputFileListPaths = (
			);
			outputPaths = (
				"$(DERIVED_FILE_DIR)/Pods-BSD Gradebook iOSTests-checkManifestLockResult.txt",
			);
			runOnlyForDeploymentPostprocessing = 0;
			shellPath = /bin/sh;
			shellScript = "diff \"${PODS_PODFILE_DIR_PATH}/Podfile.lock\" \"${PODS_ROOT}/Manifest.lock\" > /dev/null\nif [ $? != 0 ] ; then\n    # print error to STDERR\n    echo \"error: The sandbox is not in sync with the Podfile.lock. Run 'pod install' or update your CocoaPods installation.\" >&2\n    exit 1\nfi\n# This output is used by Xcode 'outputs' to avoid re-running this script phase.\necho \"SUCCESS\" > \"${SCRIPT_OUTPUT_FILE_0}\"\n";
			showEnvVarsInLog = 0;
		};
/* End PBXShellScriptBuildPhase section */

/* Begin PBXSourcesBuildPhase section */
		CCE66A6E21FFFB1C00BC783E /* Sources */ = {
			isa = PBXSourcesBuildPhase;
			buildActionMask = 2147483647;
			files = (
				CCE66A7A21FFFB1C00BC783E /* SecondViewController.swift in Sources */,
				CCE66A7621FFFB1C00BC783E /* AppDelegate.swift in Sources */,
				CCE66A7821FFFB1C00BC783E /* FirstViewController.swift in Sources */,
			);
			runOnlyForDeploymentPostprocessing = 0;
		};
		CCE66A8421FFFB1E00BC783E /* Sources */ = {
			isa = PBXSourcesBuildPhase;
			buildActionMask = 2147483647;
			files = (
				CCE66A8D21FFFB1E00BC783E /* BSD_Gradebook_iOSTests.swift in Sources */,
			);
			runOnlyForDeploymentPostprocessing = 0;
		};
/* End PBXSourcesBuildPhase section */

/* Begin PBXTargetDependency section */
		CCE66A8A21FFFB1E00BC783E /* PBXTargetDependency */ = {
			isa = PBXTargetDependency;
			target = CCE66A7121FFFB1C00BC783E /* BSD Gradebook iOS */;
			targetProxy = CCE66A8921FFFB1E00BC783E /* PBXContainerItemProxy */;
		};
/* End PBXTargetDependency section */

/* Begin PBXVariantGroup section */
		CCE66A7B21FFFB1C00BC783E /* Main.storyboard */ = {
			isa = PBXVariantGroup;
			children = (
				CCE66A7C21FFFB1C00BC783E /* Base */,
			);
			name = Main.storyboard;
			sourceTree = "<group>";
		};
		CCE66A8021FFFB1E00BC783E /* LaunchScreen.storyboard */ = {
			isa = PBXVariantGroup;
			children = (
				CCE66A8121FFFB1E00BC783E /* Base */,
			);
			name = LaunchScreen.storyboard;
			sourceTree = "<group>";
		};
/* End PBXVariantGroup section */

/* Begin XCBuildConfiguration section */
		CCE66A8F21FFFB1E00BC783E /* Debug */ = {
			isa = XCBuildConfiguration;
			buildSettings = {
				ALWAYS_SEARCH_USER_PATHS = NO;
				CLANG_ANALYZER_NONNULL = YES;
				CLANG_ANALYZER_NUMBER_OBJECT_CONVERSION = YES_AGGRESSIVE;
				CLANG_CXX_LANGUAGE_STANDARD = "gnu++14";
				CLANG_CXX_LIBRARY = "libc++";
				CLANG_ENABLE_MODULES = YES;
				CLANG_ENABLE_OBJC_ARC = YES;
				CLANG_ENABLE_OBJC_WEAK = YES;
				CLANG_WARN_BLOCK_CAPTURE_AUTORELEASING = YES;
				CLANG_WARN_BOOL_CONVERSION = YES;
				CLANG_WARN_COMMA = YES;
				CLANG_WARN_CONSTANT_CONVERSION = YES;
				CLANG_WARN_DEPRECATED_OBJC_IMPLEMENTATIONS = YES;
				CLANG_WARN_DIRECT_OBJC_ISA_USAGE = YES_ERROR;
				CLANG_WARN_DOCUMENTATION_COMMENTS = YES;
				CLANG_WARN_EMPTY_BODY = YES;
				CLANG_WARN_ENUM_CONVERSION = YES;
				CLANG_WARN_INFINITE_RECURSION = YES;
				CLANG_WARN_INT_CONVERSION = YES;
				CLANG_WARN_NON_LITERAL_NULL_CONVERSION = YES;
				CLANG_WARN_OBJC_IMPLICIT_RETAIN_SELF = YES;
				CLANG_WARN_OBJC_LITERAL_CONVERSION = YES;
				CLANG_WARN_OBJC_ROOT_CLASS = YES_ERROR;
				CLANG_WARN_RANGE_LOOP_ANALYSIS = YES;
				CLANG_WARN_STRICT_PROTOTYPES = YES;
				CLANG_WARN_SUSPICIOUS_MOVE = YES;
				CLANG_WARN_UNGUARDED_AVAILABILITY = YES_AGGRESSIVE;
				CLANG_WARN_UNREACHABLE_CODE = YES;
				CLANG_WARN__DUPLICATE_METHOD_MATCH = YES;
				CODE_SIGN_IDENTITY = "iPhone Developer";
				COPY_PHASE_STRIP = NO;
				DEBUG_INFORMATION_FORMAT = dwarf;
				ENABLE_STRICT_OBJC_MSGSEND = YES;
				ENABLE_TESTABILITY = YES;
				GCC_C_LANGUAGE_STANDARD = gnu11;
				GCC_DYNAMIC_NO_PIC = NO;
				GCC_NO_COMMON_BLOCKS = YES;
				GCC_OPTIMIZATION_LEVEL = 0;
				GCC_PREPROCESSOR_DEFINITIONS = (
					"DEBUG=1",
					"$(inherited)",
				);
				GCC_WARN_64_TO_32_BIT_CONVERSION = YES;
				GCC_WARN_ABOUT_RETURN_TYPE = YES_ERROR;
				GCC_WARN_UNDECLARED_SELECTOR = YES;
				GCC_WARN_UNINITIALIZED_AUTOS = YES_AGGRESSIVE;
				GCC_WARN_UNUSED_FUNCTION = YES;
				GCC_WARN_UNUSED_VARIABLE = YES;
				IPHONEOS_DEPLOYMENT_TARGET = 12.1;
				MTL_ENABLE_DEBUG_INFO = INCLUDE_SOURCE;
				MTL_FAST_MATH = YES;
				ONLY_ACTIVE_ARCH = YES;
				SDKROOT = iphoneos;
				SWIFT_ACTIVE_COMPILATION_CONDITIONS = DEBUG;
				SWIFT_OPTIMIZATION_LEVEL = "-Onone";
			};
			name = Debug;
		};
		CCE66A9021FFFB1E00BC783E /* Release */ = {
			isa = XCBuildConfiguration;
			buildSettings = {
				ALWAYS_SEARCH_USER_PATHS = NO;
				CLANG_ANALYZER_NONNULL = YES;
				CLANG_ANALYZER_NUMBER_OBJECT_CONVERSION = YES_AGGRESSIVE;
				CLANG_CXX_LANGUAGE_STANDARD = "gnu++14";
				CLANG_CXX_LIBRARY = "libc++";
				CLANG_ENABLE_MODULES = YES;
				CLANG_ENABLE_OBJC_ARC = YES;
				CLANG_ENABLE_OBJC_WEAK = YES;
				CLANG_WARN_BLOCK_CAPTURE_AUTORELEASING = YES;
				CLANG_WARN_BOOL_CONVERSION = YES;
				CLANG_WARN_COMMA = YES;
				CLANG_WARN_CONSTANT_CONVERSION = YES;
				CLANG_WARN_DEPRECATED_OBJC_IMPLEMENTATIONS = YES;
				CLANG_WARN_DIRECT_OBJC_ISA_USAGE = YES_ERROR;
				CLANG_WARN_DOCUMENTATION_COMMENTS = YES;
				CLANG_WARN_EMPTY_BODY = YES;
				CLANG_WARN_ENUM_CONVERSION = YES;
				CLANG_WARN_INFINITE_RECURSION = YES;
				CLANG_WARN_INT_CONVERSION = YES;
				CLANG_WARN_NON_LITERAL_NULL_CONVERSION = YES;
				CLANG_WARN_OBJC_IMPLICIT_RETAIN_SELF = YES;
				CLANG_WARN_OBJC_LITERAL_CONVERSION = YES;
				CLANG_WARN_OBJC_ROOT_CLASS = YES_ERROR;
				CLANG_WARN_RANGE_LOOP_ANALYSIS = YES;
				CLANG_WARN_STRICT_PROTOTYPES = YES;
				CLANG_WARN_SUSPICIOUS_MOVE = YES;
				CLANG_WARN_UNGUARDED_AVAILABILITY = YES_AGGRESSIVE;
				CLANG_WARN_UNREACHABLE_CODE = YES;
				CLANG_WARN__DUPLICATE_METHOD_MATCH = YES;
				CODE_SIGN_IDENTITY = "iPhone Developer";
				COPY_PHASE_STRIP = NO;
				DEBUG_INFORMATION_FORMAT = "dwarf-with-dsym";
				ENABLE_NS_ASSERTIONS = NO;
				ENABLE_STRICT_OBJC_MSGSEND = YES;
				GCC_C_LANGUAGE_STANDARD = gnu11;
				GCC_NO_COMMON_BLOCKS = YES;
				GCC_WARN_64_TO_32_BIT_CONVERSION = YES;
				GCC_WARN_ABOUT_RETURN_TYPE = YES_ERROR;
				GCC_WARN_UNDECLARED_SELECTOR = YES;
				GCC_WARN_UNINITIALIZED_AUTOS = YES_AGGRESSIVE;
				GCC_WARN_UNUSED_FUNCTION = YES;
				GCC_WARN_UNUSED_VARIABLE = YES;
				IPHONEOS_DEPLOYMENT_TARGET = 12.1;
				MTL_ENABLE_DEBUG_INFO = NO;
				MTL_FAST_MATH = YES;
				SDKROOT = iphoneos;
				SWIFT_COMPILATION_MODE = wholemodule;
				SWIFT_OPTIMIZATION_LEVEL = "-O";
				VALIDATE_PRODUCT = YES;
			};
			name = Release;
		};
		CCE66A9221FFFB1E00BC783E /* Debug */ = {
			isa = XCBuildConfiguration;
			baseConfigurationReference = 56CB233484359D9AE7DF698A /* Pods-BSD Gradebook iOS.debug.xcconfig */;
			buildSettings = {
				ASSETCATALOG_COMPILER_APPICON_NAME = AppIcon;
				CODE_SIGN_ENTITLEMENTS = "BSD Gradebook iOS/BSD Gradebook iOS.entitlements";
				CODE_SIGN_STYLE = Automatic;
				DEVELOPMENT_TEAM = HKEK57AU3M;
				INFOPLIST_FILE = "BSD Gradebook iOS/Info.plist";
				IPHONEOS_DEPLOYMENT_TARGET = 11.0;
				LD_RUNPATH_SEARCH_PATHS = (
					"$(inherited)",
					"@executable_path/Frameworks",
				);
				PRODUCT_BUNDLE_IDENTIFIER = "aeta.BSD-Gradebook-iOS";
				PRODUCT_NAME = "$(TARGET_NAME)";
				SWIFT_VERSION = 4.2;
				TARGETED_DEVICE_FAMILY = "1,2";
			};
			name = Debug;
		};
		CCE66A9321FFFB1E00BC783E /* Release */ = {
			isa = XCBuildConfiguration;
			baseConfigurationReference = 4AFC55A8F05CD02ED137E06D /* Pods-BSD Gradebook iOS.release.xcconfig */;
			buildSettings = {
				ASSETCATALOG_COMPILER_APPICON_NAME = AppIcon;
				CODE_SIGN_ENTITLEMENTS = "BSD Gradebook iOS/BSD Gradebook iOS.entitlements";
				CODE_SIGN_STYLE = Automatic;
				DEVELOPMENT_TEAM = HKEK57AU3M;
				INFOPLIST_FILE = "BSD Gradebook iOS/Info.plist";
				IPHONEOS_DEPLOYMENT_TARGET = 11.0;
				LD_RUNPATH_SEARCH_PATHS = (
					"$(inherited)",
					"@executable_path/Frameworks",
				);
				PRODUCT_BUNDLE_IDENTIFIER = "aeta.BSD-Gradebook-iOS";
				PRODUCT_NAME = "$(TARGET_NAME)";
				SWIFT_VERSION = 4.2;
				TARGETED_DEVICE_FAMILY = "1,2";
			};
			name = Release;
		};
		CCE66A9521FFFB1E00BC783E /* Debug */ = {
			isa = XCBuildConfiguration;
			baseConfigurationReference = 60E1DA15E8848691DD104537 /* Pods-BSD Gradebook iOSTests.debug.xcconfig */;
			buildSettings = {
				ALWAYS_EMBED_SWIFT_STANDARD_LIBRARIES = YES;
				BUNDLE_LOADER = "$(TEST_HOST)";
				CODE_SIGN_STYLE = Automatic;
				DEVELOPMENT_TEAM = HKEK57AU3M;
				INFOPLIST_FILE = "BSD Gradebook iOSTests/Info.plist";
				LD_RUNPATH_SEARCH_PATHS = (
					"$(inherited)",
					"@executable_path/Frameworks",
					"@loader_path/Frameworks",
				);
				PRODUCT_BUNDLE_IDENTIFIER = "aeta.BSD-Gradebook-iOSTests";
				PRODUCT_NAME = "$(TARGET_NAME)";
				SWIFT_VERSION = 4.2;
				TARGETED_DEVICE_FAMILY = "1,2";
				TEST_HOST = "$(BUILT_PRODUCTS_DIR)/BSD Gradebook iOS.app/BSD Gradebook iOS";
			};
			name = Debug;
		};
		CCE66A9621FFFB1E00BC783E /* Release */ = {
			isa = XCBuildConfiguration;
			baseConfigurationReference = 12ADDFEE02476545D6771D7B /* Pods-BSD Gradebook iOSTests.release.xcconfig */;
			buildSettings = {
				ALWAYS_EMBED_SWIFT_STANDARD_LIBRARIES = YES;
				BUNDLE_LOADER = "$(TEST_HOST)";
				CODE_SIGN_STYLE = Automatic;
				DEVELOPMENT_TEAM = HKEK57AU3M;
				INFOPLIST_FILE = "BSD Gradebook iOSTests/Info.plist";
				LD_RUNPATH_SEARCH_PATHS = (
					"$(inherited)",
					"@executable_path/Frameworks",
					"@loader_path/Frameworks",
				);
				PRODUCT_BUNDLE_IDENTIFIER = "aeta.BSD-Gradebook-iOSTests";
				PRODUCT_NAME = "$(TARGET_NAME)";
				SWIFT_VERSION = 4.2;
				TARGETED_DEVICE_FAMILY = "1,2";
				TEST_HOST = "$(BUILT_PRODUCTS_DIR)/BSD Gradebook iOS.app/BSD Gradebook iOS";
			};
			name = Release;
		};
/* End XCBuildConfiguration section */

/* Begin XCConfigurationList section */
		CCE66A6D21FFFB1C00BC783E /* Build configuration list for PBXProject "BSD Gradebook iOS" */ = {
			isa = XCConfigurationList;
			buildConfigurations = (
				CCE66A8F21FFFB1E00BC783E /* Debug */,
				CCE66A9021FFFB1E00BC783E /* Release */,
			);
			defaultConfigurationIsVisible = 0;
			defaultConfigurationName = Release;
		};
		CCE66A9121FFFB1E00BC783E /* Build configuration list for PBXNativeTarget "BSD Gradebook iOS" */ = {
			isa = XCConfigurationList;
			buildConfigurations = (
				CCE66A9221FFFB1E00BC783E /* Debug */,
				CCE66A9321FFFB1E00BC783E /* Release */,
			);
			defaultConfigurationIsVisible = 0;
			defaultConfigurationName = Release;
		};
		CCE66A9421FFFB1E00BC783E /* Build configuration list for PBXNativeTarget "BSD Gradebook iOSTests" */ = {
			isa = XCConfigurationList;
			buildConfigurations = (
				CCE66A9521FFFB1E00BC783E /* Debug */,
				CCE66A9621FFFB1E00BC783E /* Release */,
			);
			defaultConfigurationIsVisible = 0;
			defaultConfigurationName = Release;
		};
/* End XCConfigurationList section */
	};
	rootObject = CCE66A6A21FFFB1C00BC783E /* Project object */;
}
